
Microsoft Visual Studio Solution File, Format Version 12.00
# Visual Studio Version 16
VisualStudioVersion = 16.0.30114.105
MinimumVisualStudioVersion = 10.0.40219.1
Project("{FAE04EC0-301F-11D3-BF4B-00C04F79EFBC}") = "API", "API\API.csproj", "{60F33132-F088-4C68-BA4A-002E800FDA4C}"
EndProject
Project("{FAE04EC0-301F-11D3-BF4B-00C04F79EFBC}") = "Application", "Application\Application.csproj", "{2DD6981E-2074-4C0D-B754-E21AD06BB1D4}"
EndProject
Project("{FAE04EC0-301F-11D3-BF4B-00C04F79EFBC}") = "Persistence", "Persistence\Persistence.csproj", "{3596BD5E-438C-4013-988E-2EECE48A3167}"
EndProject
Project("{FAE04EC0-301F-11D3-BF4B-00C04F79EFBC}") = "Domain", "Domain\Domain.csproj", "{4AE7FA2F-F392-406F-9C26-9CA2975255C8}"
EndProject
Project("{FAE04EC0-301F-11D3-BF4B-00C04F79EFBC}") = "Infrastructure", "Infrastructure\Infrastructure.csproj", "{43465B7A-C203-450D-982B-EF879679C612}"
EndProject
Project("{FAE04EC0-301F-11D3-BF4B-00C04F79EFBC}") = "Tests", "Tests\Tests.csproj", "{3D00EBF1-CFAF-472A-A952-5D28369BE292}"
EndProject
Global
	GlobalSection(SolutionConfigurationPlatforms) = preSolution
		Debug|Any CPU = Debug|Any CPU
		Debug|x64 = Debug|x64
		Debug|x86 = Debug|x86
		Release|Any CPU = Release|Any CPU
		Release|x64 = Release|x64
		Release|x86 = Release|x86
	EndGlobalSection
	GlobalSection(SolutionProperties) = preSolution
		HideSolutionNode = FALSE
	EndGlobalSection
	GlobalSection(ProjectConfigurationPlatforms) = postSolution
		{60F33132-F088-4C68-BA4A-002E800FDA4C}.Debug|Any CPU.ActiveCfg = Debug|Any CPU
		{60F33132-F088-4C68-BA4A-002E800FDA4C}.Debug|Any CPU.Build.0 = Debug|Any CPU
		{60F33132-F088-4C68-BA4A-002E800FDA4C}.Debug|x64.ActiveCfg = Debug|Any CPU
		{60F33132-F088-4C68-BA4A-002E800FDA4C}.Debug|x64.Build.0 = Debug|Any CPU
		{60F33132-F088-4C68-BA4A-002E800FDA4C}.Debug|x86.ActiveCfg = Debug|Any CPU
		{60F33132-F088-4C68-BA4A-002E800FDA4C}.Debug|x86.Build.0 = Debug|Any CPU
		{60F33132-F088-4C68-BA4A-002E800FDA4C}.Release|Any CPU.ActiveCfg = Release|Any CPU
		{60F33132-F088-4C68-BA4A-002E800FDA4C}.Release|Any CPU.Build.0 = Release|Any CPU
		{60F33132-F088-4C68-BA4A-002E800FDA4C}.Release|x64.ActiveCfg = Release|Any CPU
		{60F33132-F088-4C68-BA4A-002E800FDA4C}.Release|x64.Build.0 = Release|Any CPU
		{60F33132-F088-4C68-BA4A-002E800FDA4C}.Release|x86.ActiveCfg = Release|Any CPU
		{60F33132-F088-4C68-BA4A-002E800FDA4C}.Release|x86.Build.0 = Release|Any CPU
		{2DD6981E-2074-4C0D-B754-E21AD06BB1D4}.Debug|Any CPU.ActiveCfg = Debug|Any CPU
		{2DD6981E-2074-4C0D-B754-E21AD06BB1D4}.Debug|Any CPU.Build.0 = Debug|Any CPU
		{2DD6981E-2074-4C0D-B754-E21AD06BB1D4}.Debug|x64.ActiveCfg = Debug|Any CPU
		{2DD6981E-2074-4C0D-B754-E21AD06BB1D4}.Debug|x64.Build.0 = Debug|Any CPU
		{2DD6981E-2074-4C0D-B754-E21AD06BB1D4}.Debug|x86.ActiveCfg = Debug|Any CPU
		{2DD6981E-2074-4C0D-B754-E21AD06BB1D4}.Debug|x86.Build.0 = Debug|Any CPU
		{2DD6981E-2074-4C0D-B754-E21AD06BB1D4}.Release|Any CPU.ActiveCfg = Release|Any CPU
		{2DD6981E-2074-4C0D-B754-E21AD06BB1D4}.Release|Any CPU.Build.0 = Release|Any CPU
		{2DD6981E-2074-4C0D-B754-E21AD06BB1D4}.Release|x64.ActiveCfg = Release|Any CPU
		{2DD6981E-2074-4C0D-B754-E21AD06BB1D4}.Release|x64.Build.0 = Release|Any CPU
		{2DD6981E-2074-4C0D-B754-E21AD06BB1D4}.Release|x86.ActiveCfg = Release|Any CPU
		{2DD6981E-2074-4C0D-B754-E21AD06BB1D4}.Release|x86.Build.0 = Release|Any CPU
		{3596BD5E-438C-4013-988E-2EECE48A3167}.Debug|Any CPU.ActiveCfg = Debug|Any CPU
		{3596BD5E-438C-4013-988E-2EECE48A3167}.Debug|Any CPU.Build.0 = Debug|Any CPU
		{3596BD5E-438C-4013-988E-2EECE48A3167}.Debug|x64.ActiveCfg = Debug|Any CPU
		{3596BD5E-438C-4013-988E-2EECE48A3167}.Debug|x64.Build.0 = Debug|Any CPU
		{3596BD5E-438C-4013-988E-2EECE48A3167}.Debug|x86.ActiveCfg = Debug|Any CPU
		{3596BD5E-438C-4013-988E-2EECE48A3167}.Debug|x86.Build.0 = Debug|Any CPU
		{3596BD5E-438C-4013-988E-2EECE48A3167}.Release|Any CPU.ActiveCfg = Release|Any CPU
		{3596BD5E-438C-4013-988E-2EECE48A3167}.Release|Any CPU.Build.0 = Release|Any CPU
		{3596BD5E-438C-4013-988E-2EECE48A3167}.Release|x64.ActiveCfg = Release|Any CPU
		{3596BD5E-438C-4013-988E-2EECE48A3167}.Release|x64.Build.0 = Release|Any CPU
		{3596BD5E-438C-4013-988E-2EECE48A3167}.Release|x86.ActiveCfg = Release|Any CPU
		{3596BD5E-438C-4013-988E-2EECE48A3167}.Release|x86.Build.0 = Release|Any CPU
		{4AE7FA2F-F392-406F-9C26-9CA2975255C8}.Debug|Any CPU.ActiveCfg = Debug|Any CPU
		{4AE7FA2F-F392-406F-9C26-9CA2975255C8}.Debug|Any CPU.Build.0 = Debug|Any CPU
		{4AE7FA2F-F392-406F-9C26-9CA2975255C8}.Debug|x64.ActiveCfg = Debug|Any CPU
		{4AE7FA2F-F392-406F-9C26-9CA2975255C8}.Debug|x64.Build.0 = Debug|Any CPU
		{4AE7FA2F-F392-406F-9C26-9CA2975255C8}.Debug|x86.ActiveCfg = Debug|Any CPU
		{4AE7FA2F-F392-406F-9C26-9CA2975255C8}.Debug|x86.Build.0 = Debug|Any CPU
		{4AE7FA2F-F392-406F-9C26-9CA2975255C8}.Release|Any CPU.ActiveCfg = Release|Any CPU
		{4AE7FA2F-F392-406F-9C26-9CA2975255C8}.Release|Any CPU.Build.0 = Release|Any CPU
		{4AE7FA2F-F392-406F-9C26-9CA2975255C8}.Release|x64.ActiveCfg = Release|Any CPU
		{4AE7FA2F-F392-406F-9C26-9CA2975255C8}.Release|x64.Build.0 = Release|Any CPU
		{4AE7FA2F-F392-406F-9C26-9CA2975255C8}.Release|x86.ActiveCfg = Release|Any CPU
		{4AE7FA2F-F392-406F-9C26-9CA2975255C8}.Release|x86.Build.0 = Release|Any CPU
		{43465B7A-C203-450D-982B-EF879679C612}.Debug|Any CPU.ActiveCfg = Debug|Any CPU
		{43465B7A-C203-450D-982B-EF879679C612}.Debug|Any CPU.Build.0 = Debug|Any CPU
		{43465B7A-C203-450D-982B-EF879679C612}.Debug|x64.ActiveCfg = Debug|Any CPU
		{43465B7A-C203-450D-982B-EF879679C612}.Debug|x64.Build.0 = Debug|Any CPU
		{43465B7A-C203-450D-982B-EF879679C612}.Debug|x86.ActiveCfg = Debug|Any CPU
		{43465B7A-C203-450D-982B-EF879679C612}.Debug|x86.Build.0 = Debug|Any CPU
		{43465B7A-C203-450D-982B-EF879679C612}.Release|Any CPU.ActiveCfg = Release|Any CPU
		{43465B7A-C203-450D-982B-EF879679C612}.Release|Any CPU.Build.0 = Release|Any CPU
		{43465B7A-C203-450D-982B-EF879679C612}.Release|x64.ActiveCfg = Release|Any CPU
		{43465B7A-C203-450D-982B-EF879679C612}.Release|x64.Build.0 = Release|Any CPU
		{43465B7A-C203-450D-982B-EF879679C612}.Release|x86.ActiveCfg = Release|Any CPU
		{43465B7A-C203-450D-982B-EF879679C612}.Release|x86.Build.0 = Release|Any CPU
		{3D00EBF1-CFAF-472A-A952-5D28369BE292}.Debug|Any CPU.ActiveCfg = Debug|Any CPU
		{3D00EBF1-CFAF-472A-A952-5D28369BE292}.Debug|Any CPU.Build.0 = Debug|Any CPU
		{3D00EBF1-CFAF-472A-A952-5D28369BE292}.Debug|x64.ActiveCfg = Debug|Any CPU
		{3D00EBF1-CFAF-472A-A952-5D28369BE292}.Debug|x64.Build.0 = Debug|Any CPU
		{3D00EBF1-CFAF-472A-A952-5D28369BE292}.Debug|x86.ActiveCfg = Debug|Any CPU
		{3D00EBF1-CFAF-472A-A952-5D28369BE292}.Debug|x86.Build.0 = Debug|Any CPU
		{3D00EBF1-CFAF-472A-A952-5D28369BE292}.Release|Any CPU.ActiveCfg = Release|Any CPU
		{3D00EBF1-CFAF-472A-A952-5D28369BE292}.Release|Any CPU.Build.0 = Release|Any CPU
		{3D00EBF1-CFAF-472A-A952-5D28369BE292}.Release|x64.ActiveCfg = Release|Any CPU
		{3D00EBF1-CFAF-472A-A952-5D28369BE292}.Release|x64.Build.0 = Release|Any CPU
		{3D00EBF1-CFAF-472A-A952-5D28369BE292}.Release|x86.ActiveCfg = Release|Any CPU
		{3D00EBF1-CFAF-472A-A952-5D28369BE292}.Release|x86.Build.0 = Release|Any CPU
	EndGlobalSection
EndGlobal
